{
  "name": "006-prettypgn-2",
  "version": "1.0.0",
  "lockfileVersion": 3,
  "requires": true,
  "packages": {
    "": {
      "name": "006-prettypgn-2",
      "version": "1.0.0",
      "license": "ISC",
      "dependencies": {
        "@mliebelt/pgn-parser": "^1.4.15"
      }
    },
    "node_modules/@mliebelt/pgn-parser": {
      "version": "1.4.15",
      "resolved": "https://registry.npmjs.org/@mliebelt/pgn-parser/-/pgn-parser-1.4.15.tgz",
      "integrity": "sha512-ONX3Tm9RFwUyE3h1n6TBCdQzxwjDQJumJlzEA2WlC+CvI5oVSJT+SOhe8RyQ5oLEebm3k6ZeH9zzrdTHf5miLg==",
      "license": "Apache-2.0",
      "dependencies": {
        "@mliebelt/pgn-types": "^1.0.4"
      },
      "bin": {
        "pgn-parser": "bin/pgn-to-json.js"
      }
    },
    "node_modules/@mliebelt/pgn-types": {
      "version": "1.0.4",
      "resolved": "https://registry.npmjs.org/@mliebelt/pgn-types/-/pgn-types-1.0.4.tgz",
      "integrity": "sha512-l1VUSp8pmdsr6HNTaZIQdmd70XqmtCp5jd0fOi4KpR/mq+NBbE1A178a6+rRy001A0/Li1rUxpssDzcYBR87GQ==",
      "license": "Apache-2.0"
    }
  }
}
